// !$*UTF8*$!
{
	archiveVersion = 1;
	classes = {
	};
	objectVersion = 55;
	objects = {

/* Begin PBXBuildFile section */
		3B8EE28D2931B04800692FB0 /* AppDelegate.swift in Sources */ = {isa = PBXBuildFile; fileRef = 3B8EE28C2931B04800692FB0 /* AppDelegate.swift */; };
		3B8EE2912931B04800692FB0 /* IssueListViewController.swift in Sources */ = {isa = PBXBuildFile; fileRef = 3B8EE2902931B04800692FB0 /* IssueListViewController.swift */; };
		3B8EE2962931B04900692FB0 /* Assets.xcassets in Resources */ = {isa = PBXBuildFile; fileRef = 3B8EE2952931B04900692FB0 /* Assets.xcassets */; };
		3B8EE2992931B04900692FB0 /* LaunchScreen.storyboard in Resources */ = {isa = PBXBuildFile; fileRef = 3B8EE2972931B04900692FB0 /* LaunchScreen.storyboard */; };
		3B8EE2A12931B3B800692FB0 /* IssueListView.swift in Sources */ = {isa = PBXBuildFile; fileRef = 3B8EE2A02931B3B800692FB0 /* IssueListView.swift */; };
		3B8EE2A42931B3E900692FB0 /* Then in Frameworks */ = {isa = PBXBuildFile; productRef = 3B8EE2A32931B3E900692FB0 /* Then */; };
		3B8EE2A72931B3F900692FB0 /* RxCocoa in Frameworks */ = {isa = PBXBuildFile; productRef = 3B8EE2A62931B3F900692FB0 /* RxCocoa */; };
		3B8EE2A92931B3F900692FB0 /* RxSwift in Frameworks */ = {isa = PBXBuildFile; productRef = 3B8EE2A82931B3F900692FB0 /* RxSwift */; };
		3B8EE2AC2931B40700692FB0 /* SnapKit in Frameworks */ = {isa = PBXBuildFile; productRef = 3B8EE2AB2931B40700692FB0 /* SnapKit */; };
		3B8EE2AF2931B41F00692FB0 /* ReactorKit in Frameworks */ = {isa = PBXBuildFile; productRef = 3B8EE2AE2931B41F00692FB0 /* ReactorKit */; };
		3B8EE2B22931B43800692FB0 /* Alamofire in Frameworks */ = {isa = PBXBuildFile; productRef = 3B8EE2B12931B43800692FB0 /* Alamofire */; };
		3B8EE2B52931BA7700692FB0 /* SDWebImage in Frameworks */ = {isa = PBXBuildFile; productRef = 3B8EE2B42931BA7700692FB0 /* SDWebImage */; };
		3B8EE2B72931BB4B00692FB0 /* GitHubService.swift in Sources */ = {isa = PBXBuildFile; fileRef = 3B8EE2B62931BB4B00692FB0 /* GitHubService.swift */; };
		3B8EE2B92931BB7E00692FB0 /* NetworkUtility.swift in Sources */ = {isa = PBXBuildFile; fileRef = 3B8EE2B82931BB7E00692FB0 /* NetworkUtility.swift */; };
		3B8EE2BB2931BBBF00692FB0 /* CommonError.swift in Sources */ = {isa = PBXBuildFile; fileRef = 3B8EE2BA2931BBBF00692FB0 /* CommonError.swift */; };
		3B8EE2BD2931BC5300692FB0 /* Issue.swift in Sources */ = {isa = PBXBuildFile; fileRef = 3B8EE2BC2931BC5300692FB0 /* Issue.swift */; };
		3B8EE2BF2931C2D000692FB0 /* IssueCell.swift in Sources */ = {isa = PBXBuildFile; fileRef = 3B8EE2BE2931C2D000692FB0 /* IssueCell.swift */; };
		3B8EE2C12931C51800692FB0 /* IssueListReactor.swift in Sources */ = {isa = PBXBuildFile; fileRef = 3B8EE2C02931C51800692FB0 /* IssueListReactor.swift */; };
		3B8EE2C32931D49800692FB0 /* IssueDetailViewController.swift in Sources */ = {isa = PBXBuildFile; fileRef = 3B8EE2C22931D49800692FB0 /* IssueDetailViewController.swift */; };
		3B8EE2C52931D4C100692FB0 /* IssueDetailReactor.swift in Sources */ = {isa = PBXBuildFile; fileRef = 3B8EE2C42931D4C100692FB0 /* IssueDetailReactor.swift */; };
		3B8EE2C72931D4C400692FB0 /* IssueDetailView.swift in Sources */ = {isa = PBXBuildFile; fileRef = 3B8EE2C62931D4C400692FB0 /* IssueDetailView.swift */; };
		3B8EE2CA2931EAD800692FB0 /* GlobalState.swift in Sources */ = {isa = PBXBuildFile; fileRef = 3B8EE2C92931EAD800692FB0 /* GlobalState.swift */; };
/* End PBXBuildFile section */

/* Begin PBXFileReference section */
		3B8EE2892931B04800692FB0 /* testFlow.app */ = {isa = PBXFileReference; explicitFileType = wrapper.application; includeInIndex = 0; path = testFlow.app; sourceTree = BUILT_PRODUCTS_DIR; };
		3B8EE28C2931B04800692FB0 /* AppDelegate.swift */ = {isa = PBXFileReference; lastKnownFileType = sourcecode.swift; path = AppDelegate.swift; sourceTree = "<group>"; };
		3B8EE2902931B04800692FB0 /* IssueListViewController.swift */ = {isa = PBXFileReference; lastKnownFileType = sourcecode.swift; path = IssueListViewController.swift; sourceTree = "<group>"; };
		3B8EE2952931B04900692FB0 /* Assets.xcassets */ = {isa = PBXFileReference; lastKnownFileType = folder.assetcatalog; path = Assets.xcassets; sourceTree = "<group>"; };
		3B8EE2982931B04900692FB0 /* Base */ = {isa = PBXFileReference; lastKnownFileType = file.storyboard; name = Base; path = Base.lproj/LaunchScreen.storyboard; sourceTree = "<group>"; };
		3B8EE29A2931B04900692FB0 /* Info.plist */ = {isa = PBXFileReference; lastKnownFileType = text.plist.xml; path = Info.plist; sourceTree = "<group>"; };
		3B8EE2A02931B3B800692FB0 /* IssueListView.swift */ = {isa = PBXFileReference; lastKnownFileType = sourcecode.swift; path = IssueListView.swift; sourceTree = "<group>"; };
		3B8EE2B62931BB4B00692FB0 /* GitHubService.swift */ = {isa = PBXFileReference; lastKnownFileType = sourcecode.swift; path = GitHubService.swift; sourceTree = "<group>"; };
		3B8EE2B82931BB7E00692FB0 /* NetworkUtility.swift */ = {isa = PBXFileReference; lastKnownFileType = sourcecode.swift; path = NetworkUtility.swift; sourceTree = "<group>"; };
		3B8EE2BA2931BBBF00692FB0 /* CommonError.swift */ = {isa = PBXFileReference; lastKnownFileType = sourcecode.swift; path = CommonError.swift; sourceTree = "<group>"; };
		3B8EE2BC2931BC5300692FB0 /* Issue.swift */ = {isa = PBXFileReference; lastKnownFileType = sourcecode.swift; path = Issue.swift; sourceTree = "<group>"; };
		3B8EE2BE2931C2D000692FB0 /* IssueCell.swift */ = {isa = PBXFileReference; lastKnownFileType = sourcecode.swift; path = IssueCell.swift; sourceTree = "<group>"; };
		3B8EE2C02931C51800692FB0 /* IssueListReactor.swift */ = {isa = PBXFileReference; lastKnownFileType = sourcecode.swift; path = IssueListReactor.swift; sourceTree = "<group>"; };
		3B8EE2C22931D49800692FB0 /* IssueDetailViewController.swift */ = {isa = PBXFileReference; lastKnownFileType = sourcecode.swift; path = IssueDetailViewController.swift; sourceTree = "<group>"; };
		3B8EE2C42931D4C100692FB0 /* IssueDetailReactor.swift */ = {isa = PBXFileReference; lastKnownFileType = sourcecode.swift; path = IssueDetailReactor.swift; sourceTree = "<group>"; };
		3B8EE2C62931D4C400692FB0 /* IssueDetailView.swift */ = {isa = PBXFileReference; lastKnownFileType = sourcecode.swift; path = IssueDetailView.swift; sourceTree = "<group>"; };
		3B8EE2C92931EAD800692FB0 /* GlobalState.swift */ = {isa = PBXFileReference; lastKnownFileType = sourcecode.swift; path = GlobalState.swift; sourceTree = "<group>"; };
/* End PBXFileReference section */

/* Begin PBXFrameworksBuildPhase section */
		3B8EE2862931B04700692FB0 /* Frameworks */ = {
			isa = PBXFrameworksBuildPhase;
			buildActionMask = 2147483647;
			files = (
				3B8EE2A92931B3F900692FB0 /* RxSwift in Frameworks */,
				3B8EE2AC2931B40700692FB0 /* SnapKit in Frameworks */,
				3B8EE2A72931B3F900692FB0 /* RxCocoa in Frameworks */,
				3B8EE2B52931BA7700692FB0 /* SDWebImage in Frameworks */,
				3B8EE2B22931B43800692FB0 /* Alamofire in Frameworks */,
				3B8EE2AF2931B41F00692FB0 /* ReactorKit in Frameworks */,
				3B8EE2A42931B3E900692FB0 /* Then in Frameworks */,
			);
			runOnlyForDeploymentPostprocessing = 0;
		};
/* End PBXFrameworksBuildPhase section */

/* Begin PBXGroup section */
		3B8EE2802931B04700692FB0 = {
			isa = PBXGroup;
			children = (
				3B8EE28B2931B04800692FB0 /* testFlow */,
				3B8EE28A2931B04800692FB0 /* Products */,
			);
			sourceTree = "<group>";
		};
		3B8EE28A2931B04800692FB0 /* Products */ = {
			isa = PBXGroup;
			children = (
				3B8EE2892931B04800692FB0 /* testFlow.app */,
			);
			name = Products;
			sourceTree = "<group>";
		};
		3B8EE28B2931B04800692FB0 /* testFlow */ = {
			isa = PBXGroup;
			children = (
				3B8EE28C2931B04800692FB0 /* AppDelegate.swift */,
				3B8EE2CC2931F38800692FB0 /* IssueList */,
				3B8EE2CB2931F37A00692FB0 /* IssueDetail */,
				3B8EE2CD2931F3A200692FB0 /* Network */,
				3B8EE2BC2931BC5300692FB0 /* Issue.swift */,
				3B8EE2C92931EAD800692FB0 /* GlobalState.swift */,
				3B8EE2952931B04900692FB0 /* Assets.xcassets */,
				3B8EE2972931B04900692FB0 /* LaunchScreen.storyboard */,
				3B8EE29A2931B04900692FB0 /* Info.plist */,
			);
			path = testFlow;
			sourceTree = "<group>";
		};
		3B8EE2CB2931F37A00692FB0 /* IssueDetail */ = {
			isa = PBXGroup;
			children = (
				3B8EE2C42931D4C100692FB0 /* IssueDetailReactor.swift */,
				3B8EE2C62931D4C400692FB0 /* IssueDetailView.swift */,
				3B8EE2C22931D49800692FB0 /* IssueDetailViewController.swift */,
			);
			path = IssueDetail;
			sourceTree = "<group>";
		};
		3B8EE2CC2931F38800692FB0 /* IssueList */ = {
			isa = PBXGroup;
			children = (
				3B8EE2902931B04800692FB0 /* IssueListViewController.swift */,
				3B8EE2A02931B3B800692FB0 /* IssueListView.swift */,
				3B8EE2C02931C51800692FB0 /* IssueListReactor.swift */,
				3B8EE2BE2931C2D000692FB0 /* IssueCell.swift */,
			);
			path = IssueList;
			sourceTree = "<group>";
		};
		3B8EE2CD2931F3A200692FB0 /* Network */ = {
			isa = PBXGroup;
			children = (
				3B8EE2B62931BB4B00692FB0 /* GitHubService.swift */,
				3B8EE2B82931BB7E00692FB0 /* NetworkUtility.swift */,
				3B8EE2BA2931BBBF00692FB0 /* CommonError.swift */,
			);
			path = Network;
			sourceTree = "<group>";
		};
/* End PBXGroup section */

/* Begin PBXNativeTarget section */
		3B8EE2882931B04700692FB0 /* testFlow */ = {
			isa = PBXNativeTarget;
			buildConfigurationList = 3B8EE29D2931B04900692FB0 /* Build configuration list for PBXNativeTarget "testFlow" */;
			buildPhases = (
				3B8EE2852931B04700692FB0 /* Sources */,
				3B8EE2862931B04700692FB0 /* Frameworks */,
				3B8EE2872931B04700692FB0 /* Resources */,
			);
			buildRules = (
			);
			dependencies = (
			);
			name = testFlow;
			packageProductDependencies = (
				3B8EE2A32931B3E900692FB0 /* Then */,
				3B8EE2A62931B3F900692FB0 /* RxCocoa */,
				3B8EE2A82931B3F900692FB0 /* RxSwift */,
				3B8EE2AB2931B40700692FB0 /* SnapKit */,
				3B8EE2AE2931B41F00692FB0 /* ReactorKit */,
				3B8EE2B12931B43800692FB0 /* Alamofire */,
				3B8EE2B42931BA7700692FB0 /* SDWebImage */,
			);
			productName = testFlow;
			productReference = 3B8EE2892931B04800692FB0 /* testFlow.app */;
			productType = "com.apple.product-type.application";
		};
/* End PBXNativeTarget section */

/* Begin PBXProject section */
		3B8EE2812931B04700692FB0 /* Project object */ = {
			isa = PBXProject;
			attributes = {
				BuildIndependentTargetsInParallel = 1;
				LastSwiftUpdateCheck = 1320;
				LastUpgradeCheck = 1320;
				TargetAttributes = {
					3B8EE2882931B04700692FB0 = {
						CreatedOnToolsVersion = 13.2.1;
					};
				};
			};
			buildConfigurationList = 3B8EE2842931B04700692FB0 /* Build configuration list for PBXProject "testFlow" */;
			compatibilityVersion = "Xcode 13.0";
			developmentRegion = en;
			hasScannedForEncodings = 0;
			knownRegions = (
				en,
				Base,
			);
			mainGroup = 3B8EE2802931B04700692FB0;
			packageReferences = (
				3B8EE2A22931B3E900692FB0 /* XCRemoteSwiftPackageReference "Then" */,
				3B8EE2A52931B3F900692FB0 /* XCRemoteSwiftPackageReference "RxSwift" */,
				3B8EE2AA2931B40700692FB0 /* XCRemoteSwiftPackageReference "SnapKit" */,
				3B8EE2AD2931B41F00692FB0 /* XCRemoteSwiftPackageReference "ReactorKit" */,
				3B8EE2B02931B43800692FB0 /* XCRemoteSwiftPackageReference "Alamofire" */,
				3B8EE2B32931BA7700692FB0 /* XCRemoteSwiftPackageReference "SDWebImage" */,
			);
			productRefGroup = 3B8EE28A2931B04800692FB0 /* Products */;
			projectDirPath = "";
			projectRoot = "";
			targets = (
				3B8EE2882931B04700692FB0 /* testFlow */,
			);
		};
/* End PBXProject section */

/* Begin PBXResourcesBuildPhase section */
		3B8EE2872931B04700692FB0 /* Resources */ = {
			isa = PBXResourcesBuildPhase;
			buildActionMask = 2147483647;
			files = (
				3B8EE2992931B04900692FB0 /* LaunchScreen.storyboard in Resources */,
				3B8EE2962931B04900692FB0 /* Assets.xcassets in Resources */,
			);
			runOnlyForDeploymentPostprocessing = 0;
		};
/* End PBXResourcesBuildPhase section */

/* Begin PBXSourcesBuildPhase section */
		3B8EE2852931B04700692FB0 /* Sources */ = {
			isa = PBXSourcesBuildPhase;
			buildActionMask = 2147483647;
			files = (
				3B8EE2912931B04800692FB0 /* IssueListViewController.swift in Sources */,
				3B8EE2BB2931BBBF00692FB0 /* CommonError.swift in Sources */,
				3B8EE2C72931D4C400692FB0 /* IssueDetailView.swift in Sources */,
				3B8EE2B92931BB7E00692FB0 /* NetworkUtility.swift in Sources */,
				3B8EE28D2931B04800692FB0 /* AppDelegate.swift in Sources */,
				3B8EE2C32931D49800692FB0 /* IssueDetailViewController.swift in Sources */,
				3B8EE2C52931D4C100692FB0 /* IssueDetailReactor.swift in Sources */,
				3B8EE2B72931BB4B00692FB0 /* GitHubService.swift in Sources */,
				3B8EE2CA2931EAD800692FB0 /* GlobalState.swift in Sources */,
				3B8EE2BD2931BC5300692FB0 /* Issue.swift in Sources */,
				3B8EE2BF2931C2D000692FB0 /* IssueCell.swift in Sources */,
				3B8EE2A12931B3B800692FB0 /* IssueListView.swift in Sources */,
				3B8EE2C12931C51800692FB0 /* IssueListReactor.swift in Sources */,
			);
			runOnlyForDeploymentPostprocessing = 0;
		};
/* End PBXSourcesBuildPhase section */

/* Begin PBXVariantGroup section */
		3B8EE2972931B04900692FB0 /* LaunchScreen.storyboard */ = {
			isa = PBXVariantGroup;
			children = (
				3B8EE2982931B04900692FB0 /* Base */,
			);
			name = LaunchScreen.storyboard;
			sourceTree = "<group>";
		};
/* End PBXVariantGroup section */

/* Begin XCBuildConfiguration section */
		3B8EE29B2931B04900692FB0 /* Debug */ = {
			isa = XCBuildConfiguration;
			buildSettings = {
				ALWAYS_SEARCH_USER_PATHS = NO;
				CLANG_ANALYZER_NONNULL = YES;
				CLANG_ANALYZER_NUMBER_OBJECT_CONVERSION = YES_AGGRESSIVE;
				CLANG_CXX_LANGUAGE_STANDARD = "gnu++17";
				CLANG_CXX_LIBRARY = "libc++";
				CLANG_ENABLE_MODULES = YES;
				CLANG_ENABLE_OBJC_ARC = YES;
				CLANG_ENABLE_OBJC_WEAK = YES;
				CLANG_WARN_BLOCK_CAPTURE_AUTORELEASING = YES;
				CLANG_WARN_BOOL_CONVERSION = YES;
				CLANG_WARN_COMMA = YES;
				CLANG_WARN_CONSTANT_CONVERSION = YES;
				CLANG_WARN_DEPRECATED_OBJC_IMPLEMENTATIONS = YES;
				CLANG_WARN_DIRECT_OBJC_ISA_USAGE = YES_ERROR;
				CLANG_WARN_DOCUMENTATION_COMMENTS = YES;
				CLANG_WARN_EMPTY_BODY = YES;
				CLANG_WARN_ENUM_CONVERSION = YES;
				CLANG_WARN_INFINITE_RECURSION = YES;
				CLANG_WARN_INT_CONVERSION = YES;
				CLANG_WARN_NON_LITERAL_NULL_CONVERSION = YES;
				CLANG_WARN_OBJC_IMPLICIT_RETAIN_SELF = YES;
				CLANG_WARN_OBJC_LITERAL_CONVERSION = YES;
				CLANG_WARN_OBJC_ROOT_CLASS = YES_ERROR;
				CLANG_WARN_QUOTED_INCLUDE_IN_FRAMEWORK_HEADER = YES;
				CLANG_WARN_RANGE_LOOP_ANALYSIS = YES;
				CLANG_WARN_STRICT_PROTOTYPES = YES;
				CLANG_WARN_SUSPICIOUS_MOVE = YES;
				CLANG_WARN_UNGUARDED_AVAILABILITY = YES_AGGRESSIVE;
				CLANG_WARN_UNREACHABLE_CODE = YES;
				CLANG_WARN__DUPLICATE_METHOD_MATCH = YES;
				COPY_PHASE_STRIP = NO;
				DEBUG_INFORMATION_FORMAT = dwarf;
				ENABLE_STRICT_OBJC_MSGSEND = YES;
				ENABLE_TESTABILITY = YES;
				GCC_C_LANGUAGE_STANDARD = gnu11;
				GCC_DYNAMIC_NO_PIC = NO;
				GCC_NO_COMMON_BLOCKS = YES;
				GCC_OPTIMIZATION_LEVEL = 0;
				GCC_PREPROCESSOR_DEFINITIONS = (
					"DEBUG=1",
					"$(inherited)",
				);
				GCC_WARN_64_TO_32_BIT_CONVERSION = YES;
				GCC_WARN_ABOUT_RETURN_TYPE = YES_ERROR;
				GCC_WARN_UNDECLARED_SELECTOR = YES;
				GCC_WARN_UNINITIALIZED_AUTOS = YES_AGGRESSIVE;
				GCC_WARN_UNUSED_FUNCTION = YES;
				GCC_WARN_UNUSED_VARIABLE = YES;
				IPHONEOS_DEPLOYMENT_TARGET = 15.2;
				MTL_ENABLE_DEBUG_INFO = INCLUDE_SOURCE;
				MTL_FAST_MATH = YES;
				ONLY_ACTIVE_ARCH = YES;
				SDKROOT = iphoneos;
				SWIFT_ACTIVE_COMPILATION_CONDITIONS = DEBUG;
				SWIFT_OPTIMIZATION_LEVEL = "-Onone";
			};
			name = Debug;
		};
		3B8EE29C2931B04900692FB0 /* Release */ = {
			isa = XCBuildConfiguration;
			buildSettings = {
				ALWAYS_SEARCH_USER_PATHS = NO;
				CLANG_ANALYZER_NONNULL = YES;
				CLANG_ANALYZER_NUMBER_OBJECT_CONVERSION = YES_AGGRESSIVE;
				CLANG_CXX_LANGUAGE_STANDARD = "gnu++17";
				CLANG_CXX_LIBRARY = "libc++";
				CLANG_ENABLE_MODULES = YES;
				CLANG_ENABLE_OBJC_ARC = YES;
				CLANG_ENABLE_OBJC_WEAK = YES;
				CLANG_WARN_BLOCK_CAPTURE_AUTORELEASING = YES;
				CLANG_WARN_BOOL_CONVERSION = YES;
				CLANG_WARN_COMMA = YES;
				CLANG_WARN_CONSTANT_CONVERSION = YES;
				CLANG_WARN_DEPRECATED_OBJC_IMPLEMENTATIONS = YES;
				CLANG_WARN_DIRECT_OBJC_ISA_USAGE = YES_ERROR;
				CLANG_WARN_DOCUMENTATION_COMMENTS = YES;
				CLANG_WARN_EMPTY_BODY = YES;
				CLANG_WARN_ENUM_CONVERSION = YES;
				CLANG_WARN_INFINITE_RECURSION = YES;
				CLANG_WARN_INT_CONVERSION = YES;
				CLANG_WARN_NON_LITERAL_NULL_CONVERSION = YES;
				CLANG_WARN_OBJC_IMPLICIT_RETAIN_SELF = YES;
				CLANG_WARN_OBJC_LITERAL_CONVERSION = YES;
				CLANG_WARN_OBJC_ROOT_CLASS = YES_ERROR;
				CLANG_WARN_QUOTED_INCLUDE_IN_FRAMEWORK_HEADER = YES;
				CLANG_WARN_RANGE_LOOP_ANALYSIS = YES;
				CLANG_WARN_STRICT_PROTOTYPES = YES;
				CLANG_WARN_SUSPICIOUS_MOVE = YES;
				CLANG_WARN_UNGUARDED_AVAILABILITY = YES_AGGRESSIVE;
				CLANG_WARN_UNREACHABLE_CODE = YES;
				CLANG_WARN__DUPLICATE_METHOD_MATCH = YES;
				COPY_PHASE_STRIP = NO;
				DEBUG_INFORMATION_FORMAT = "dwarf-with-dsym";
				ENABLE_NS_ASSERTIONS = NO;
				ENABLE_STRICT_OBJC_MSGSEND = YES;
				GCC_C_LANGUAGE_STANDARD = gnu11;
				GCC_NO_COMMON_BLOCKS = YES;
				GCC_WARN_64_TO_32_BIT_CONVERSION = YES;
				GCC_WARN_ABOUT_RETURN_TYPE = YES_ERROR;
				GCC_WARN_UNDECLARED_SELECTOR = YES;
				GCC_WARN_UNINITIALIZED_AUTOS = YES_AGGRESSIVE;
				GCC_WARN_UNUSED_FUNCTION = YES;
				GCC_WARN_UNUSED_VARIABLE = YES;
				IPHONEOS_DEPLOYMENT_TARGET = 15.2;
				MTL_ENABLE_DEBUG_INFO = NO;
				MTL_FAST_MATH = YES;
				SDKROOT = iphoneos;
				SWIFT_COMPILATION_MODE = wholemodule;
				SWIFT_OPTIMIZATION_LEVEL = "-O";
				VALIDATE_PRODUCT = YES;
			};
			name = Release;
		};
		3B8EE29E2931B04900692FB0 /* Debug */ = {
			isa = XCBuildConfiguration;
			buildSettings = {
				ASSETCATALOG_COMPILER_APPICON_NAME = AppIcon;
				ASSETCATALOG_COMPILER_GLOBAL_ACCENT_COLOR_NAME = AccentColor;
				CODE_SIGN_STYLE = Automatic;
				CURRENT_PROJECT_VERSION = 1;
				GENERATE_INFOPLIST_FILE = YES;
				INFOPLIST_FILE = testFlow/Info.plist;
				INFOPLIST_KEY_UIApplicationSupportsIndirectInputEvents = YES;
				INFOPLIST_KEY_UILaunchStoryboardName = LaunchScreen;
				INFOPLIST_KEY_UISupportedInterfaceOrientations_iPad = "UIInterfaceOrientationPortrait UIInterfaceOrientationPortraitUpsideDown UIInterfaceOrientationLandscapeLeft UIInterfaceOrientationLandscapeRight";
				INFOPLIST_KEY_UISupportedInterfaceOrientations_iPhone = "UIInterfaceOrientationPortrait UIInterfaceOrientationLandscapeLeft UIInterfaceOrientationLandscapeRight";
				LD_RUNPATH_SEARCH_PATHS = (
					"$(inherited)",
					"@executable_path/Frameworks",
				);
				MARKETING_VERSION = 1.0;
				PRODUCT_BUNDLE_IDENTIFIER = lca.testFlow;
				PRODUCT_NAME = "$(TARGET_NAME)";
				SWIFT_EMIT_LOC_STRINGS = YES;
				SWIFT_VERSION = 5.0;
				TARGETED_DEVICE_FAMILY = "1,2";
			};
			name = Debug;
		};
		3B8EE29F2931B04900692FB0 /* Release */ = {
			isa = XCBuildConfiguration;
			buildSettings = {
				ASSETCATALOG_COMPILER_APPICON_NAME = AppIcon;
				ASSETCATALOG_COMPILER_GLOBAL_ACCENT_COLOR_NAME = AccentColor;
				CODE_SIGN_STYLE = Automatic;
				CURRENT_PROJECT_VERSION = 1;
				GENERATE_INFOPLIST_FILE = YES;
				INFOPLIST_FILE = testFlow/Info.plist;
				INFOPLIST_KEY_UIApplicationSupportsIndirectInputEvents = YES;
				INFOPLIST_KEY_UILaunchStoryboardName = LaunchScreen;
				INFOPLIST_KEY_UISupportedInterfaceOrientations_iPad = "UIInterfaceOrientationPortrait UIInterfaceOrientationPortraitUpsideDown UIInterfaceOrientationLandscapeLeft UIInterfaceOrientationLandscapeRight";
				INFOPLIST_KEY_UISupportedInterfaceOrientations_iPhone = "UIInterfaceOrientationPortrait UIInterfaceOrientationLandscapeLeft UIInterfaceOrientationLandscapeRight";
				LD_RUNPATH_SEARCH_PATHS = (
					"$(inherited)",
					"@executable_path/Frameworks",
				);
				MARKETING_VERSION = 1.0;
				PRODUCT_BUNDLE_IDENTIFIER = lca.testFlow;
				PRODUCT_NAME = "$(TARGET_NAME)";
				SWIFT_EMIT_LOC_STRINGS = YES;
				SWIFT_VERSION = 5.0;
				TARGETED_DEVICE_FAMILY = "1,2";
			};
			name = Release;
		};
/* End XCBuildConfiguration section */

/* Begin XCConfigurationList section */
		3B8EE2842931B04700692FB0 /* Build configuration list for PBXProject "testFlow" */ = {
			isa = XCConfigurationList;
			buildConfigurations = (
				3B8EE29B2931B04900692FB0 /* Debug */,
				3B8EE29C2931B04900692FB0 /* Release */,
			);
			defaultConfigurationIsVisible = 0;
			defaultConfigurationName = Release;
		};
		3B8EE29D2931B04900692FB0 /* Build configuration list for PBXNativeTarget "testFlow" */ = {
			isa = XCConfigurationList;
			buildConfigurations = (
				3B8EE29E2931B04900692FB0 /* Debug */,
				3B8EE29F2931B04900692FB0 /* Release */,
			);
			defaultConfigurationIsVisible = 0;
			defaultConfigurationName = Release;
		};
/* End XCConfigurationList section */

/* Begin XCRemoteSwiftPackageReference section */
		3B8EE2A22931B3E900692FB0 /* XCRemoteSwiftPackageReference "Then" */ = {
			isa = XCRemoteSwiftPackageReference;
			repositoryURL = "https://github.com/devxoul/Then";
			requirement = {
				kind = upToNextMajorVersion;
				minimumVersion = 3.0.0;
			};
		};
		3B8EE2A52931B3F900692FB0 /* XCRemoteSwiftPackageReference "RxSwift" */ = {
			isa = XCRemoteSwiftPackageReference;
			repositoryURL = "https://github.com/ReactiveX/RxSwift";
			requirement = {
				kind = upToNextMajorVersion;
				minimumVersion = 6.0.0;
			};
		};
		3B8EE2AA2931B40700692FB0 /* XCRemoteSwiftPackageReference "SnapKit" */ = {
			isa = XCRemoteSwiftPackageReference;
			repositoryURL = "https://github.com/SnapKit/SnapKit";
			requirement = {
				kind = upToNextMajorVersion;
				minimumVersion = 5.0.0;
			};
		};
		3B8EE2AD2931B41F00692FB0 /* XCRemoteSwiftPackageReference "ReactorKit" */ = {
			isa = XCRemoteSwiftPackageReference;
			repositoryURL = "https://github.com/ReactorKit/ReactorKit";
			requirement = {
				kind = upToNextMajorVersion;
				minimumVersion = 3.0.0;
			};
		};
		3B8EE2B02931B43800692FB0 /* XCRemoteSwiftPackageReference "Alamofire" */ = {
			isa = XCRemoteSwiftPackageReference;
			repositoryURL = "https://github.com/Alamofire/Alamofire";
			requirement = {
				kind = upToNextMajorVersion;
				minimumVersion = 5.0.0;
			};
		};
		3B8EE2B32931BA7700692FB0 /* XCRemoteSwiftPackageReference "SDWebImage" */ = {
			isa = XCRemoteSwiftPackageReference;
			repositoryURL = "https://github.com/SDWebImage/SDWebImage";
			requirement = {
				kind = upToNextMajorVersion;
				minimumVersion = 5.0.0;
			};
		};
/* End XCRemoteSwiftPackageReference section */

/* Begin XCSwiftPackageProductDependency section */
		3B8EE2A32931B3E900692FB0 /* Then */ = {
			isa = XCSwiftPackageProductDependency;
			package = 3B8EE2A22931B3E900692FB0 /* XCRemoteSwiftPackageReference "Then" */;
			productName = Then;
		};
		3B8EE2A62931B3F900692FB0 /* RxCocoa */ = {
			isa = XCSwiftPackageProductDependency;
			package = 3B8EE2A52931B3F900692FB0 /* XCRemoteSwiftPackageReference "RxSwift" */;
			productName = RxCocoa;
		};
		3B8EE2A82931B3F900692FB0 /* RxSwift */ = {
			isa = XCSwiftPackageProductDependency;
			package = 3B8EE2A52931B3F900692FB0 /* XCRemoteSwiftPackageReference "RxSwift" */;
			productName = RxSwift;
		};
		3B8EE2AB2931B40700692FB0 /* SnapKit */ = {
			isa = XCSwiftPackageProductDependency;
			package = 3B8EE2AA2931B40700692FB0 /* XCRemoteSwiftPackageReference "SnapKit" */;
			productName = SnapKit;
		};
		3B8EE2AE2931B41F00692FB0 /* ReactorKit */ = {
			isa = XCSwiftPackageProductDependency;
			package = 3B8EE2AD2931B41F00692FB0 /* XCRemoteSwiftPackageReference "ReactorKit" */;
			productName = ReactorKit;
		};
		3B8EE2B12931B43800692FB0 /* Alamofire */ = {
			isa = XCSwiftPackageProductDependency;
			package = 3B8EE2B02931B43800692FB0 /* XCRemoteSwiftPackageReference "Alamofire" */;
			productName = Alamofire;
		};
		3B8EE2B42931BA7700692FB0 /* SDWebImage */ = {
			isa = XCSwiftPackageProductDependency;
			package = 3B8EE2B32931BA7700692FB0 /* XCRemoteSwiftPackageReference "SDWebImage" */;
			productName = SDWebImage;
		};
/* End XCSwiftPackageProductDependency section */
	};
	rootObject = 3B8EE2812931B04700692FB0 /* Project object */;
}
